
Microsoft Visual Studio Solution File, Format Version 12.00
# Visual Studio 15
VisualStudioVersion = 15.0.27703.2026
MinimumVisualStudioVersion = 10.0.40219.1
Project("{FAE04EC0-301F-11D3-BF4B-00C04F79EFBC}") = "MainLib.ExtensionMethods", "MainLib.ExtensionMethods\MainLib.ExtensionMethods.csproj", "{4C097FE8-5A31-40FD-B34C-72A7D7E70784}"
EndProject
Project("{FAE04EC0-301F-11D3-BF4B-00C04F79EFBC}") = "MainLib.Data", "MainLib.Data\MainLib.Data.csproj", "{4B4E883C-D0F4-479B-B4E9-1646B5F9C027}"
EndProject
Project("{FAE04EC0-301F-11D3-BF4B-00C04F79EFBC}") = "MainLib.Configuration", "MainLib.Configuration\MainLib.Configuration.csproj", "{5850C3BC-C466-4074-9402-9585E8B9E374}"
EndProject
Project("{FAE04EC0-301F-11D3-BF4B-00C04F79EFBC}") = "MainLib.Deployment", "MainLib.Deployment\MainLib.Deployment.csproj", "{7238A7A3-4269-4BD2-8B59-4429ABD48F01}"
EndProject
Project("{FAE04EC0-301F-11D3-BF4B-00C04F79EFBC}") = "MainLib.Device", "MainLib.Device\MainLib.Device.csproj", "{1135E715-DF2C-4C6E-9FD6-0103BA1AF137}"
EndProject
Project("{FAE04EC0-301F-11D3-BF4B-00C04F79EFBC}") = "MainLib.Diagnostics", "MainLib.Diagnostics\MainLib.Diagnostics.csproj", "{5FB99138-CF95-475E-AB02-0ED2B779B980}"
EndProject
Project("{FAE04EC0-301F-11D3-BF4B-00C04F79EFBC}") = "MainLib.Dynamic", "MainLib.Dynamic\MainLib.Dynamic.csproj", "{F9C57B27-84A6-49EF-B1C3-5930099AA4E9}"
EndProject
Project("{FAE04EC0-301F-11D3-BF4B-00C04F79EFBC}") = "MainLib.Threading", "MainLib.Threading\MainLib.Threading.csproj", "{3ECD40D8-88C3-457D-9F62-51673750A3B6}"
EndProject
Project("{FAE04EC0-301F-11D3-BF4B-00C04F79EFBC}") = "MainLib.Enterprise", "MainLib.Enterprise\MainLib.Enterprise.csproj", "{0901DDB6-929D-4EA6-8C89-A00BC9476C65}"
EndProject
Project("{FAE04EC0-301F-11D3-BF4B-00C04F79EFBC}") = "MainLib.Environment", "MainLib.Environment\MainLib.Environment.csproj", "{E730E1EC-4AE1-4858-8D85-8C2841C5400D}"
EndProject
Project("{FAE04EC0-301F-11D3-BF4B-00C04F79EFBC}") = "MainLib.Globalization", "MainLib.Globalization\MainLib.Globalization.csproj", "{F4DBCC94-21B9-4DAD-8B32-0DEA8901BD5F}"
EndProject
Project("{FAE04EC0-301F-11D3-BF4B-00C04F79EFBC}") = "MainLib.Identity", "MainLib.Identity\MainLib.Identity.csproj", "{1F28F993-7537-42AD-94C9-EB6E573A6428}"
EndProject
Project("{FAE04EC0-301F-11D3-BF4B-00C04F79EFBC}") = "MainLib.IO", "MainLib.IO\MainLib.IO.csproj", "{E64482DF-CD57-4511-ADCD-1C0F1E53BAEF}"
EndProject
Project("{FAE04EC0-301F-11D3-BF4B-00C04F79EFBC}") = "MainLib.Management", "MainLib.Management\MainLib.Management.csproj", "{5D4F7AB5-033D-4AA2-A500-4F09DA166C4B}"
EndProject
Project("{FAE04EC0-301F-11D3-BF4B-00C04F79EFBC}") = "MainLib.Math", "MainLib.Math\MainLib.Math.csproj", "{D62C6634-B74D-4F07-B2A6-E1BBDC9C2D83}"
EndProject
Project("{FAE04EC0-301F-11D3-BF4B-00C04F79EFBC}") = "MainLib.Media", "MainLib.Media\MainLib.Media.csproj", "{296745FF-9748-4A18-BC55-D44A36B85756}"
EndProject
Project("{FAE04EC0-301F-11D3-BF4B-00C04F79EFBC}") = "MainLib.Messaging", "MainLib.Messaging\MainLib.Messaging.csproj", "{41FFD55C-295E-4E03-A13B-1DB7973886E2}"
EndProject
Project("{FAE04EC0-301F-11D3-BF4B-00C04F79EFBC}") = "MainLib.Net", "MainLib.Net\MainLib.Net.csproj", "{3CD7B9E4-E6EC-4A7C-9759-5B5E13400D03}"
EndProject
Project("{FAE04EC0-301F-11D3-BF4B-00C04F79EFBC}") = "MainLib.Platform", "MainLib.Platform\MainLib.Platform.csproj", "{4F175B29-586E-48E0-A7A9-801C3A4DA2BF}"
EndProject
Project("{FAE04EC0-301F-11D3-BF4B-00C04F79EFBC}") = "MainLib.Plugins", "MainLib.Plugins\MainLib.Plugins.csproj", "{966AA745-BDD9-4047-ADF5-CCD29E4236BC}"
EndProject
Project("{FAE04EC0-301F-11D3-BF4B-00C04F79EFBC}") = "MainLib.Printing", "MainLib.Printing\MainLib.Printing.csproj", "{54719DB9-87BC-4D2B-A1F3-007724541C7C}"
EndProject
Project("{FAE04EC0-301F-11D3-BF4B-00C04F79EFBC}") = "MainLib.Progress", "MainLib.Progress\MainLib.Progress.csproj", "{92BE0A45-E78C-4AB8-964A-49F699834269}"
EndProject
Project("{FAE04EC0-301F-11D3-BF4B-00C04F79EFBC}") = "MainLib.Reflection", "MainLib.Reflection\MainLib.Reflection.csproj", "{C1BAADB4-23EC-4E2B-A84F-391ADEEE0496}"
EndProject
Project("{FAE04EC0-301F-11D3-BF4B-00C04F79EFBC}") = "MainLib.Runtime", "MainLib.Runtime\MainLib.Runtime.csproj", "{AFFA2B4D-CED0-43C9-A220-D628C1EC975C}"
EndProject
Project("{FAE04EC0-301F-11D3-BF4B-00C04F79EFBC}") = "MainLib.Security", "MainLib.Security\MainLib.Security.csproj", "{40719E3A-7824-4F12-9922-DFA40B4FB4E0}"
EndProject
Project("{FAE04EC0-301F-11D3-BF4B-00C04F79EFBC}") = "MainLib.Service", "MainLib.Service\MainLib.Service.csproj", "{44375020-BEF6-4FFC-8BDB-B85D26A64CE9}"
EndProject
Project("{FAE04EC0-301F-11D3-BF4B-00C04F79EFBC}") = "MainLib.Setting", "MainLib.Setting\MainLib.Setting.csproj", "{F0BF38D8-6CEA-459A-AC60-FCAA611FE223}"
EndProject
Project("{FAE04EC0-301F-11D3-BF4B-00C04F79EFBC}") = "MainLib.Transactions", "MainLib.Transactions\MainLib.Transactions.csproj", "{7ED8C0F1-A302-4851-BFD9-A616F6A30366}"
EndProject
Project("{FAE04EC0-301F-11D3-BF4B-00C04F79EFBC}") = "MainLib.Web", "MainLib.Web\MainLib.Web.csproj", "{9B30D264-D93D-4974-92AA-B5175A950D14}"
EndProject
Project("{FAE04EC0-301F-11D3-BF4B-00C04F79EFBC}") = "MainLib.Windows", "MainLib.Windows\MainLib.Windows.csproj", "{E2B9C198-72D2-4072-8E06-7B81737B1332}"
EndProject
Project("{FAE04EC0-301F-11D3-BF4B-00C04F79EFBC}") = "MainLib.Workflow", "MainLib.Workflow\MainLib.Workflow.csproj", "{37DDBD32-21BC-44F7-A02E-C0FCA9293259}"
EndProject
Project("{FAE04EC0-301F-11D3-BF4B-00C04F79EFBC}") = "MainLib.XML", "MainLib.XML\MainLib.XML.csproj", "{C0E78569-848C-4758-8457-65FEC94D3552}"
EndProject
Project("{FAE04EC0-301F-11D3-BF4B-00C04F79EFBC}") = "MainLib.Json", "MainLib.Json\MainLib.Json.csproj", "{64672DFC-0789-4C4F-A87D-3C04E5975778}"
EndProject
Project("{FAE04EC0-301F-11D3-BF4B-00C04F79EFBC}") = "MainLib.Map", "MainLib.Map\MainLib.Map.csproj", "{120D7176-E113-409E-97BB-DB20F776C4CB}"
EndProject
Project("{FAE04EC0-301F-11D3-BF4B-00C04F79EFBC}") = "MainLib.BI", "MainLib.BI\MainLib.BI.csproj", "{8DA9E0DC-B32A-4E29-B25C-666E7D150FB1}"
EndProject
Project("{FAE04EC0-301F-11D3-BF4B-00C04F79EFBC}") = "MainLib.GIS", "MainLib.GIS\MainLib.GIS.csproj", "{E0DDAA94-0D15-41D6-A028-23AB321E8F19}"
EndProject
Project("{FAE04EC0-301F-11D3-BF4B-00C04F79EFBC}") = "MainLib.ERP", "MainLib.ERP\MainLib.ERP.csproj", "{518DAF7B-C6B0-44F7-B848-C05F3C6553DB}"
EndProject
Project("{FAE04EC0-301F-11D3-BF4B-00C04F79EFBC}") = "MainLib.CMS", "MainLib.CMS\MainLib.CMS.csproj", "{2E95F2A6-2C8C-4FEA-BF8E-3CD5BFBB2A6E}"
EndProject
Project("{FAE04EC0-301F-11D3-BF4B-00C04F79EFBC}") = "MainLib.CRM", "MainLib.CRM\MainLib.CRM.csproj", "{B6AC68E6-35D9-4445-9397-FA9D85519EAB}"
EndProject
Project("{FAE04EC0-301F-11D3-BF4B-00C04F79EFBC}") = "MainLib.MIS", "MainLib.MIS\MainLib.MIS.csproj", "{2AD6FB36-785E-40CE-AE8B-FD953CFF8A0F}"
EndProject
Project("{FAE04EC0-301F-11D3-BF4B-00C04F79EFBC}") = "MainLib.HIS", "MainLib.HIS\MainLib.HIS.csproj", "{F69E700B-E671-49DC-A02B-5BC44AEF2365}"
EndProject
Project("{FAE04EC0-301F-11D3-BF4B-00C04F79EFBC}") = "MainLib.FinancialAccounting", "MainLib.FinancialAccounting\MainLib.FinancialAccounting.csproj", "{A8E1B162-C6FD-4FAD-930C-7DD72724ABF5}"
EndProject
Project("{2150E333-8FDC-42A3-9474-1A3956D46DE8}") = "Tests", "Tests", "{3B64E4D8-0F40-4F88-8CAA-AB2109C9797A}"
EndProject
Project("{FAE04EC0-301F-11D3-BF4B-00C04F79EFBC}") = "MainLib.BI.Tests", "Tests\MainLib.BI.Tests\MainLib.BI.Tests.csproj", "{92B34B30-211B-4AA9-B4A2-11F4F20C1C86}"
EndProject
Global
	GlobalSection(SolutionConfigurationPlatforms) = preSolution
		Debug|Any CPU = Debug|Any CPU
		Release|Any CPU = Release|Any CPU
	EndGlobalSection
	GlobalSection(ProjectConfigurationPlatforms) = postSolution
		{4C097FE8-5A31-40FD-B34C-72A7D7E70784}.Debug|Any CPU.ActiveCfg = Debug|Any CPU
		{4C097FE8-5A31-40FD-B34C-72A7D7E70784}.Debug|Any CPU.Build.0 = Debug|Any CPU
		{4C097FE8-5A31-40FD-B34C-72A7D7E70784}.Release|Any CPU.ActiveCfg = Release|Any CPU
		{4C097FE8-5A31-40FD-B34C-72A7D7E70784}.Release|Any CPU.Build.0 = Release|Any CPU
		{4B4E883C-D0F4-479B-B4E9-1646B5F9C027}.Debug|Any CPU.ActiveCfg = Debug|Any CPU
		{4B4E883C-D0F4-479B-B4E9-1646B5F9C027}.Debug|Any CPU.Build.0 = Debug|Any CPU
		{4B4E883C-D0F4-479B-B4E9-1646B5F9C027}.Release|Any CPU.ActiveCfg = Release|Any CPU
		{4B4E883C-D0F4-479B-B4E9-1646B5F9C027}.Release|Any CPU.Build.0 = Release|Any CPU
		{5850C3BC-C466-4074-9402-9585E8B9E374}.Debug|Any CPU.ActiveCfg = Debug|Any CPU
		{5850C3BC-C466-4074-9402-9585E8B9E374}.Debug|Any CPU.Build.0 = Debug|Any CPU
		{5850C3BC-C466-4074-9402-9585E8B9E374}.Release|Any CPU.ActiveCfg = Release|Any CPU
		{5850C3BC-C466-4074-9402-9585E8B9E374}.Release|Any CPU.Build.0 = Release|Any CPU
		{7238A7A3-4269-4BD2-8B59-4429ABD48F01}.Debug|Any CPU.ActiveCfg = Debug|Any CPU
		{7238A7A3-4269-4BD2-8B59-4429ABD48F01}.Debug|Any CPU.Build.0 = Debug|Any CPU
		{7238A7A3-4269-4BD2-8B59-4429ABD48F01}.Release|Any CPU.ActiveCfg = Release|Any CPU
		{7238A7A3-4269-4BD2-8B59-4429ABD48F01}.Release|Any CPU.Build.0 = Release|Any CPU
		{1135E715-DF2C-4C6E-9FD6-0103BA1AF137}.Debug|Any CPU.ActiveCfg = Debug|Any CPU
		{1135E715-DF2C-4C6E-9FD6-0103BA1AF137}.Debug|Any CPU.Build.0 = Debug|Any CPU
		{1135E715-DF2C-4C6E-9FD6-0103BA1AF137}.Release|Any CPU.ActiveCfg = Release|Any CPU
		{1135E715-DF2C-4C6E-9FD6-0103BA1AF137}.Release|Any CPU.Build.0 = Release|Any CPU
		{5FB99138-CF95-475E-AB02-0ED2B779B980}.Debug|Any CPU.ActiveCfg = Debug|Any CPU
		{5FB99138-CF95-475E-AB02-0ED2B779B980}.Debug|Any CPU.Build.0 = Debug|Any CPU
		{5FB99138-CF95-475E-AB02-0ED2B779B980}.Release|Any CPU.ActiveCfg = Release|Any CPU
		{5FB99138-CF95-475E-AB02-0ED2B779B980}.Release|Any CPU.Build.0 = Release|Any CPU
		{F9C57B27-84A6-49EF-B1C3-5930099AA4E9}.Debug|Any CPU.ActiveCfg = Debug|Any CPU
		{F9C57B27-84A6-49EF-B1C3-5930099AA4E9}.Debug|Any CPU.Build.0 = Debug|Any CPU
		{F9C57B27-84A6-49EF-B1C3-5930099AA4E9}.Release|Any CPU.ActiveCfg = Release|Any CPU
		{F9C57B27-84A6-49EF-B1C3-5930099AA4E9}.Release|Any CPU.Build.0 = Release|Any CPU
		{3ECD40D8-88C3-457D-9F62-51673750A3B6}.Debug|Any CPU.ActiveCfg = Debug|Any CPU
		{3ECD40D8-88C3-457D-9F62-51673750A3B6}.Debug|Any CPU.Build.0 = Debug|Any CPU
		{3ECD40D8-88C3-457D-9F62-51673750A3B6}.Release|Any CPU.ActiveCfg = Release|Any CPU
		{3ECD40D8-88C3-457D-9F62-51673750A3B6}.Release|Any CPU.Build.0 = Release|Any CPU
		{0901DDB6-929D-4EA6-8C89-A00BC9476C65}.Debug|Any CPU.ActiveCfg = Debug|Any CPU
		{0901DDB6-929D-4EA6-8C89-A00BC9476C65}.Debug|Any CPU.Build.0 = Debug|Any CPU
		{0901DDB6-929D-4EA6-8C89-A00BC9476C65}.Release|Any CPU.ActiveCfg = Release|Any CPU
		{0901DDB6-929D-4EA6-8C89-A00BC9476C65}.Release|Any CPU.Build.0 = Release|Any CPU
		{E730E1EC-4AE1-4858-8D85-8C2841C5400D}.Debug|Any CPU.ActiveCfg = Debug|Any CPU
		{E730E1EC-4AE1-4858-8D85-8C2841C5400D}.Debug|Any CPU.Build.0 = Debug|Any CPU
		{E730E1EC-4AE1-4858-8D85-8C2841C5400D}.Release|Any CPU.ActiveCfg = Release|Any CPU
		{E730E1EC-4AE1-4858-8D85-8C2841C5400D}.Release|Any CPU.Build.0 = Release|Any CPU
		{F4DBCC94-21B9-4DAD-8B32-0DEA8901BD5F}.Debug|Any CPU.ActiveCfg = Debug|Any CPU
		{F4DBCC94-21B9-4DAD-8B32-0DEA8901BD5F}.Debug|Any CPU.Build.0 = Debug|Any CPU
		{F4DBCC94-21B9-4DAD-8B32-0DEA8901BD5F}.Release|Any CPU.ActiveCfg = Release|Any CPU
		{F4DBCC94-21B9-4DAD-8B32-0DEA8901BD5F}.Release|Any CPU.Build.0 = Release|Any CPU
		{1F28F993-7537-42AD-94C9-EB6E573A6428}.Debug|Any CPU.ActiveCfg = Debug|Any CPU
		{1F28F993-7537-42AD-94C9-EB6E573A6428}.Debug|Any CPU.Build.0 = Debug|Any CPU
		{1F28F993-7537-42AD-94C9-EB6E573A6428}.Release|Any CPU.ActiveCfg = Release|Any CPU
		{1F28F993-7537-42AD-94C9-EB6E573A6428}.Release|Any CPU.Build.0 = Release|Any CPU
		{E64482DF-CD57-4511-ADCD-1C0F1E53BAEF}.Debug|Any CPU.ActiveCfg = Debug|Any CPU
		{E64482DF-CD57-4511-ADCD-1C0F1E53BAEF}.Debug|Any CPU.Build.0 = Debug|Any CPU
		{E64482DF-CD57-4511-ADCD-1C0F1E53BAEF}.Release|Any CPU.ActiveCfg = Release|Any CPU
		{E64482DF-CD57-4511-ADCD-1C0F1E53BAEF}.Release|Any CPU.Build.0 = Release|Any CPU
		{5D4F7AB5-033D-4AA2-A500-4F09DA166C4B}.Debug|Any CPU.ActiveCfg = Debug|Any CPU
		{5D4F7AB5-033D-4AA2-A500-4F09DA166C4B}.Debug|Any CPU.Build.0 = Debug|Any CPU
		{5D4F7AB5-033D-4AA2-A500-4F09DA166C4B}.Release|Any CPU.ActiveCfg = Release|Any CPU
		{5D4F7AB5-033D-4AA2-A500-4F09DA166C4B}.Release|Any CPU.Build.0 = Release|Any CPU
		{D62C6634-B74D-4F07-B2A6-E1BBDC9C2D83}.Debug|Any CPU.ActiveCfg = Debug|Any CPU
		{D62C6634-B74D-4F07-B2A6-E1BBDC9C2D83}.Debug|Any CPU.Build.0 = Debug|Any CPU
		{D62C6634-B74D-4F07-B2A6-E1BBDC9C2D83}.Release|Any CPU.ActiveCfg = Release|Any CPU
		{D62C6634-B74D-4F07-B2A6-E1BBDC9C2D83}.Release|Any CPU.Build.0 = Release|Any CPU
		{296745FF-9748-4A18-BC55-D44A36B85756}.Debug|Any CPU.ActiveCfg = Debug|Any CPU
		{296745FF-9748-4A18-BC55-D44A36B85756}.Debug|Any CPU.Build.0 = Debug|Any CPU
		{296745FF-9748-4A18-BC55-D44A36B85756}.Release|Any CPU.ActiveCfg = Release|Any CPU
		{296745FF-9748-4A18-BC55-D44A36B85756}.Release|Any CPU.Build.0 = Release|Any CPU
		{41FFD55C-295E-4E03-A13B-1DB7973886E2}.Debug|Any CPU.ActiveCfg = Debug|Any CPU
		{41FFD55C-295E-4E03-A13B-1DB7973886E2}.Debug|Any CPU.Build.0 = Debug|Any CPU
		{41FFD55C-295E-4E03-A13B-1DB7973886E2}.Release|Any CPU.ActiveCfg = Release|Any CPU
		{41FFD55C-295E-4E03-A13B-1DB7973886E2}.Release|Any CPU.Build.0 = Release|Any CPU
		{3CD7B9E4-E6EC-4A7C-9759-5B5E13400D03}.Debug|Any CPU.ActiveCfg = Debug|Any CPU
		{3CD7B9E4-E6EC-4A7C-9759-5B5E13400D03}.Debug|Any CPU.Build.0 = Debug|Any CPU
		{3CD7B9E4-E6EC-4A7C-9759-5B5E13400D03}.Release|Any CPU.ActiveCfg = Release|Any CPU
		{3CD7B9E4-E6EC-4A7C-9759-5B5E13400D03}.Release|Any CPU.Build.0 = Release|Any CPU
		{4F175B29-586E-48E0-A7A9-801C3A4DA2BF}.Debug|Any CPU.ActiveCfg = Debug|Any CPU
		{4F175B29-586E-48E0-A7A9-801C3A4DA2BF}.Debug|Any CPU.Build.0 = Debug|Any CPU
		{4F175B29-586E-48E0-A7A9-801C3A4DA2BF}.Release|Any CPU.ActiveCfg = Release|Any CPU
		{4F175B29-586E-48E0-A7A9-801C3A4DA2BF}.Release|Any CPU.Build.0 = Release|Any CPU
		{966AA745-BDD9-4047-ADF5-CCD29E4236BC}.Debug|Any CPU.ActiveCfg = Debug|Any CPU
		{966AA745-BDD9-4047-ADF5-CCD29E4236BC}.Debug|Any CPU.Build.0 = Debug|Any CPU
		{966AA745-BDD9-4047-ADF5-CCD29E4236BC}.Release|Any CPU.ActiveCfg = Release|Any CPU
		{966AA745-BDD9-4047-ADF5-CCD29E4236BC}.Release|Any CPU.Build.0 = Release|Any CPU
		{54719DB9-87BC-4D2B-A1F3-007724541C7C}.Debug|Any CPU.ActiveCfg = Debug|Any CPU
		{54719DB9-87BC-4D2B-A1F3-007724541C7C}.Debug|Any CPU.Build.0 = Debug|Any CPU
		{54719DB9-87BC-4D2B-A1F3-007724541C7C}.Release|Any CPU.ActiveCfg = Release|Any CPU
		{54719DB9-87BC-4D2B-A1F3-007724541C7C}.Release|Any CPU.Build.0 = Release|Any CPU
		{92BE0A45-E78C-4AB8-964A-49F699834269}.Debug|Any CPU.ActiveCfg = Debug|Any CPU
		{92BE0A45-E78C-4AB8-964A-49F699834269}.Debug|Any CPU.Build.0 = Debug|Any CPU
		{92BE0A45-E78C-4AB8-964A-49F699834269}.Release|Any CPU.ActiveCfg = Release|Any CPU
		{92BE0A45-E78C-4AB8-964A-49F699834269}.Release|Any CPU.Build.0 = Release|Any CPU
		{C1BAADB4-23EC-4E2B-A84F-391ADEEE0496}.Debug|Any CPU.ActiveCfg = Debug|Any CPU
		{C1BAADB4-23EC-4E2B-A84F-391ADEEE0496}.Debug|Any CPU.Build.0 = Debug|Any CPU
		{C1BAADB4-23EC-4E2B-A84F-391ADEEE0496}.Release|Any CPU.ActiveCfg = Release|Any CPU
		{C1BAADB4-23EC-4E2B-A84F-391ADEEE0496}.Release|Any CPU.Build.0 = Release|Any CPU
		{AFFA2B4D-CED0-43C9-A220-D628C1EC975C}.Debug|Any CPU.ActiveCfg = Debug|Any CPU
		{AFFA2B4D-CED0-43C9-A220-D628C1EC975C}.Debug|Any CPU.Build.0 = Debug|Any CPU
		{AFFA2B4D-CED0-43C9-A220-D628C1EC975C}.Release|Any CPU.ActiveCfg = Release|Any CPU
		{AFFA2B4D-CED0-43C9-A220-D628C1EC975C}.Release|Any CPU.Build.0 = Release|Any CPU
		{40719E3A-7824-4F12-9922-DFA40B4FB4E0}.Debug|Any CPU.ActiveCfg = Debug|Any CPU
		{40719E3A-7824-4F12-9922-DFA40B4FB4E0}.Debug|Any CPU.Build.0 = Debug|Any CPU
		{40719E3A-7824-4F12-9922-DFA40B4FB4E0}.Release|Any CPU.ActiveCfg = Release|Any CPU
		{40719E3A-7824-4F12-9922-DFA40B4FB4E0}.Release|Any CPU.Build.0 = Release|Any CPU
		{44375020-BEF6-4FFC-8BDB-B85D26A64CE9}.Debug|Any CPU.ActiveCfg = Debug|Any CPU
		{44375020-BEF6-4FFC-8BDB-B85D26A64CE9}.Debug|Any CPU.Build.0 = Debug|Any CPU
		{44375020-BEF6-4FFC-8BDB-B85D26A64CE9}.Release|Any CPU.ActiveCfg = Release|Any CPU
		{44375020-BEF6-4FFC-8BDB-B85D26A64CE9}.Release|Any CPU.Build.0 = Release|Any CPU
		{F0BF38D8-6CEA-459A-AC60-FCAA611FE223}.Debug|Any CPU.ActiveCfg = Debug|Any CPU
		{F0BF38D8-6CEA-459A-AC60-FCAA611FE223}.Debug|Any CPU.Build.0 = Debug|Any CPU
		{F0BF38D8-6CEA-459A-AC60-FCAA611FE223}.Release|Any CPU.ActiveCfg = Release|Any CPU
		{F0BF38D8-6CEA-459A-AC60-FCAA611FE223}.Release|Any CPU.Build.0 = Release|Any CPU
		{7ED8C0F1-A302-4851-BFD9-A616F6A30366}.Debug|Any CPU.ActiveCfg = Debug|Any CPU
		{7ED8C0F1-A302-4851-BFD9-A616F6A30366}.Debug|Any CPU.Build.0 = Debug|Any CPU
		{7ED8C0F1-A302-4851-BFD9-A616F6A30366}.Release|Any CPU.ActiveCfg = Release|Any CPU
		{7ED8C0F1-A302-4851-BFD9-A616F6A30366}.Release|Any CPU.Build.0 = Release|Any CPU
		{9B30D264-D93D-4974-92AA-B5175A950D14}.Debug|Any CPU.ActiveCfg = Debug|Any CPU
		{9B30D264-D93D-4974-92AA-B5175A950D14}.Debug|Any CPU.Build.0 = Debug|Any CPU
		{9B30D264-D93D-4974-92AA-B5175A950D14}.Release|Any CPU.ActiveCfg = Release|Any CPU
		{9B30D264-D93D-4974-92AA-B5175A950D14}.Release|Any CPU.Build.0 = Release|Any CPU
		{E2B9C198-72D2-4072-8E06-7B81737B1332}.Debug|Any CPU.ActiveCfg = Debug|Any CPU
		{E2B9C198-72D2-4072-8E06-7B81737B1332}.Debug|Any CPU.Build.0 = Debug|Any CPU
		{E2B9C198-72D2-4072-8E06-7B81737B1332}.Release|Any CPU.ActiveCfg = Release|Any CPU
		{E2B9C198-72D2-4072-8E06-7B81737B1332}.Release|Any CPU.Build.0 = Release|Any CPU
		{37DDBD32-21BC-44F7-A02E-C0FCA9293259}.Debug|Any CPU.ActiveCfg = Debug|Any CPU
		{37DDBD32-21BC-44F7-A02E-C0FCA9293259}.Debug|Any CPU.Build.0 = Debug|Any CPU
		{37DDBD32-21BC-44F7-A02E-C0FCA9293259}.Release|Any CPU.ActiveCfg = Release|Any CPU
		{37DDBD32-21BC-44F7-A02E-C0FCA9293259}.Release|Any CPU.Build.0 = Release|Any CPU
		{C0E78569-848C-4758-8457-65FEC94D3552}.Debug|Any CPU.ActiveCfg = Debug|Any CPU
		{C0E78569-848C-4758-8457-65FEC94D3552}.Debug|Any CPU.Build.0 = Debug|Any CPU
		{C0E78569-848C-4758-8457-65FEC94D3552}.Release|Any CPU.ActiveCfg = Release|Any CPU
		{C0E78569-848C-4758-8457-65FEC94D3552}.Release|Any CPU.Build.0 = Release|Any CPU
		{64672DFC-0789-4C4F-A87D-3C04E5975778}.Debug|Any CPU.ActiveCfg = Debug|Any CPU
		{64672DFC-0789-4C4F-A87D-3C04E5975778}.Debug|Any CPU.Build.0 = Debug|Any CPU
		{64672DFC-0789-4C4F-A87D-3C04E5975778}.Release|Any CPU.ActiveCfg = Release|Any CPU
		{64672DFC-0789-4C4F-A87D-3C04E5975778}.Release|Any CPU.Build.0 = Release|Any CPU
		{120D7176-E113-409E-97BB-DB20F776C4CB}.Debug|Any CPU.ActiveCfg = Debug|Any CPU
		{120D7176-E113-409E-97BB-DB20F776C4CB}.Debug|Any CPU.Build.0 = Debug|Any CPU
		{120D7176-E113-409E-97BB-DB20F776C4CB}.Release|Any CPU.ActiveCfg = Release|Any CPU
		{120D7176-E113-409E-97BB-DB20F776C4CB}.Release|Any CPU.Build.0 = Release|Any CPU
		{8DA9E0DC-B32A-4E29-B25C-666E7D150FB1}.Debug|Any CPU.ActiveCfg = Debug|Any CPU
		{8DA9E0DC-B32A-4E29-B25C-666E7D150FB1}.Debug|Any CPU.Build.0 = Debug|Any CPU
		{8DA9E0DC-B32A-4E29-B25C-666E7D150FB1}.Release|Any CPU.ActiveCfg = Release|Any CPU
		{8DA9E0DC-B32A-4E29-B25C-666E7D150FB1}.Release|Any CPU.Build.0 = Release|Any CPU
		{E0DDAA94-0D15-41D6-A028-23AB321E8F19}.Debug|Any CPU.ActiveCfg = Debug|Any CPU
		{E0DDAA94-0D15-41D6-A028-23AB321E8F19}.Debug|Any CPU.Build.0 = Debug|Any CPU
		{E0DDAA94-0D15-41D6-A028-23AB321E8F19}.Release|Any CPU.ActiveCfg = Release|Any CPU
		{E0DDAA94-0D15-41D6-A028-23AB321E8F19}.Release|Any CPU.Build.0 = Release|Any CPU
		{518DAF7B-C6B0-44F7-B848-C05F3C6553DB}.Debug|Any CPU.ActiveCfg = Debug|Any CPU
		{518DAF7B-C6B0-44F7-B848-C05F3C6553DB}.Debug|Any CPU.Build.0 = Debug|Any CPU
		{518DAF7B-C6B0-44F7-B848-C05F3C6553DB}.Release|Any CPU.ActiveCfg = Release|Any CPU
		{518DAF7B-C6B0-44F7-B848-C05F3C6553DB}.Release|Any CPU.Build.0 = Release|Any CPU
		{2E95F2A6-2C8C-4FEA-BF8E-3CD5BFBB2A6E}.Debug|Any CPU.ActiveCfg = Debug|Any CPU
		{2E95F2A6-2C8C-4FEA-BF8E-3CD5BFBB2A6E}.Debug|Any CPU.Build.0 = Debug|Any CPU
		{2E95F2A6-2C8C-4FEA-BF8E-3CD5BFBB2A6E}.Release|Any CPU.ActiveCfg = Release|Any CPU
		{2E95F2A6-2C8C-4FEA-BF8E-3CD5BFBB2A6E}.Release|Any CPU.Build.0 = Release|Any CPU
		{B6AC68E6-35D9-4445-9397-FA9D85519EAB}.Debug|Any CPU.ActiveCfg = Debug|Any CPU
		{B6AC68E6-35D9-4445-9397-FA9D85519EAB}.Debug|Any CPU.Build.0 = Debug|Any CPU
		{B6AC68E6-35D9-4445-9397-FA9D85519EAB}.Release|Any CPU.ActiveCfg = Release|Any CPU
		{B6AC68E6-35D9-4445-9397-FA9D85519EAB}.Release|Any CPU.Build.0 = Release|Any CPU
		{2AD6FB36-785E-40CE-AE8B-FD953CFF8A0F}.Debug|Any CPU.ActiveCfg = Debug|Any CPU
		{2AD6FB36-785E-40CE-AE8B-FD953CFF8A0F}.Debug|Any CPU.Build.0 = Debug|Any CPU
		{2AD6FB36-785E-40CE-AE8B-FD953CFF8A0F}.Release|Any CPU.ActiveCfg = Release|Any CPU
		{2AD6FB36-785E-40CE-AE8B-FD953CFF8A0F}.Release|Any CPU.Build.0 = Release|Any CPU
		{F69E700B-E671-49DC-A02B-5BC44AEF2365}.Debug|Any CPU.ActiveCfg = Debug|Any CPU
		{F69E700B-E671-49DC-A02B-5BC44AEF2365}.Debug|Any CPU.Build.0 = Debug|Any CPU
		{F69E700B-E671-49DC-A02B-5BC44AEF2365}.Release|Any CPU.ActiveCfg = Release|Any CPU
		{F69E700B-E671-49DC-A02B-5BC44AEF2365}.Release|Any CPU.Build.0 = Release|Any CPU
		{A8E1B162-C6FD-4FAD-930C-7DD72724ABF5}.Debug|Any CPU.ActiveCfg = Debug|Any CPU
		{A8E1B162-C6FD-4FAD-930C-7DD72724ABF5}.Debug|Any CPU.Build.0 = Debug|Any CPU
		{A8E1B162-C6FD-4FAD-930C-7DD72724ABF5}.Release|Any CPU.ActiveCfg = Release|Any CPU
		{A8E1B162-C6FD-4FAD-930C-7DD72724ABF5}.Release|Any CPU.Build.0 = Release|Any CPU
		{92B34B30-211B-4AA9-B4A2-11F4F20C1C86}.Debug|Any CPU.ActiveCfg = Debug|Any CPU
		{92B34B30-211B-4AA9-B4A2-11F4F20C1C86}.Debug|Any CPU.Build.0 = Debug|Any CPU
		{92B34B30-211B-4AA9-B4A2-11F4F20C1C86}.Release|Any CPU.ActiveCfg = Release|Any CPU
		{92B34B30-211B-4AA9-B4A2-11F4F20C1C86}.Release|Any CPU.Build.0 = Release|Any CPU
	EndGlobalSection
	GlobalSection(SolutionProperties) = preSolution
		HideSolutionNode = FALSE
	EndGlobalSection
	GlobalSection(NestedProjects) = preSolution
		{92B34B30-211B-4AA9-B4A2-11F4F20C1C86} = {3B64E4D8-0F40-4F88-8CAA-AB2109C9797A}
	EndGlobalSection
	GlobalSection(ExtensibilityGlobals) = postSolution
		SolutionGuid = {C3027888-6709-496F-9471-10F813C7A2CB}
	EndGlobalSection
EndGlobal
